Microsoft Visual Studio Solution File, Format Version 12.00
# Visual Studio 2012
Project("{FAE04EC0-301F-11D3-BF4B-00C04F79EFBC}") = "ReMi.Plugin.Email", "ReMi.Plugin.Email\ReMi.Plugin.Email.csproj", "{B1700D7C-C892-443D-9A82-4603224CCE84}"
EndProject
Project("{FAE04EC0-301F-11D3-BF4B-00C04F79EFBC}") = "ReMi.Plugin.EmailMock", "ReMi.Plugin.EmailMock\ReMi.Plugin.EmailMock.csproj", "{2810FA10-DE69-4452-8D02-F6ABB041DB24}"
EndProject
Project("{2150E333-8FDC-42A3-9474-1A3956D46DE8}") = ".nuget", ".nuget", "{051E5964-E321-4269-AA61-EA9C18AEE052}"
	ProjectSection(SolutionItems) = preProject
		.nuget\NuGet.Config = .nuget\NuGet.Config
		.nuget\NuGet.exe = .nuget\NuGet.exe
		.nuget\NuGet.targets = .nuget\NuGet.targets
	EndProjectSection
EndProject
Project("{2150E333-8FDC-42A3-9474-1A3956D46DE8}") = ".build", ".build", "{4D639F69-A6E8-4928-899B-6508967E325D}"
	ProjectSection(SolutionItems) = preProject
		.build\ReMi.Plugin.Email.nuspec = .build\ReMi.Plugin.Email.nuspec
		.build\content\web.config.install.xdt = .build\content\web.config.install.xdt
		.build\content\web.config.uninstall.xdt = .build\content\web.config.uninstall.xdt
	EndProjectSection
EndProject
Project("{FAE04EC0-301F-11D3-BF4B-00C04F79EFBC}") = "ReMi.Plugin.Email.Tests", "ReMi.Plugin.Email.Tests\ReMi.Plugin.Email.Tests.csproj", "{9DDF90FB-79D2-4734-B24F-6BF51284D6D8}"
EndProject
Global
	GlobalSection(SolutionConfigurationPlatforms) = preSolution
		Debug|Any CPU = Debug|Any CPU
		Release|Any CPU = Release|Any CPU
	EndGlobalSection
	GlobalSection(ProjectConfigurationPlatforms) = postSolution
		{B1700D7C-C892-443D-9A82-4603224CCE84}.Debug|Any CPU.ActiveCfg = Debug|Any CPU
		{B1700D7C-C892-443D-9A82-4603224CCE84}.Debug|Any CPU.Build.0 = Debug|Any CPU
		{B1700D7C-C892-443D-9A82-4603224CCE84}.Release|Any CPU.ActiveCfg = Debug|Any CPU
		{B1700D7C-C892-443D-9A82-4603224CCE84}.Release|Any CPU.Build.0 = Debug|Any CPU
		{2810FA10-DE69-4452-8D02-F6ABB041DB24}.Debug|Any CPU.ActiveCfg = Debug|Any CPU
		{2810FA10-DE69-4452-8D02-F6ABB041DB24}.Debug|Any CPU.Build.0 = Debug|Any CPU
		{2810FA10-DE69-4452-8D02-F6ABB041DB24}.Release|Any CPU.ActiveCfg = Debug|Any CPU
		{2810FA10-DE69-4452-8D02-F6ABB041DB24}.Release|Any CPU.Build.0 = Debug|Any CPU
		{9DDF90FB-79D2-4734-B24F-6BF51284D6D8}.Debug|Any CPU.ActiveCfg = Debug|Any CPU
		{9DDF90FB-79D2-4734-B24F-6BF51284D6D8}.Debug|Any CPU.Build.0 = Debug|Any CPU
		{9DDF90FB-79D2-4734-B24F-6BF51284D6D8}.Release|Any CPU.ActiveCfg = Release|Any CPU
		{9DDF90FB-79D2-4734-B24F-6BF51284D6D8}.Release|Any CPU.Build.0 = Release|Any CPU
	EndGlobalSection
	GlobalSection(SolutionProperties) = preSolution
		HideSolutionNode = FALSE
	EndGlobalSection
EndGlobal
