Microsoft Visual Studio Solution File, Format Version 12.00
# Visual Studio 2012
Project("{FAE04EC0-301F-11D3-BF4B-00C04F79EFBC}") = "ReMi.Plugin.Ldap", "ReMi.Plugin.Ldap\ReMi.Plugin.Ldap.csproj", "{4733D258-8249-4E21-8B6E-EAE0535B3396}"
EndProject
Project("{2150E333-8FDC-42A3-9474-1A3956D46DE8}") = ".build", ".build", "{54FD0218-8A5E-4662-AE85-3EBF3FCA0AA0}"
	ProjectSection(SolutionItems) = preProject
		.build\ReMi.Plugin.Ldap.nuspec = .build\ReMi.Plugin.Ldap.nuspec
		.build\content\web.config.install.xdt = .build\content\web.config.install.xdt
		.build\content\web.config.uninstall.xdt = .build\content\web.config.uninstall.xdt
	EndProjectSection
EndProject
Project("{2150E333-8FDC-42A3-9474-1A3956D46DE8}") = ".nuget", ".nuget", "{CFA2E7F6-77A1-4D10-BF26-A6F2C16EF86E}"
	ProjectSection(SolutionItems) = preProject
		.nuget\NuGet.Config = .nuget\NuGet.Config
		.nuget\NuGet.exe = .nuget\NuGet.exe
		.nuget\NuGet.targets = .nuget\NuGet.targets
	EndProjectSection
EndProject
Project("{FAE04EC0-301F-11D3-BF4B-00C04F79EFBC}") = "ReMi.Plugin.Ldap.Tests", "ReMi.Plugin.Ldap.Tests\ReMi.Plugin.Ldap.Tests.csproj", "{2AE0FEDF-D07F-4D64-8600-91F48A9CE3F9}"
EndProject
Global
	GlobalSection(SolutionConfigurationPlatforms) = preSolution
		Debug|Any CPU = Debug|Any CPU
		Release|Any CPU = Release|Any CPU
	EndGlobalSection
	GlobalSection(ProjectConfigurationPlatforms) = postSolution
		{4733D258-8249-4E21-8B6E-EAE0535B3396}.Debug|Any CPU.ActiveCfg = Debug|Any CPU
		{4733D258-8249-4E21-8B6E-EAE0535B3396}.Debug|Any CPU.Build.0 = Debug|Any CPU
		{4733D258-8249-4E21-8B6E-EAE0535B3396}.Release|Any CPU.ActiveCfg = Release|Any CPU
		{4733D258-8249-4E21-8B6E-EAE0535B3396}.Release|Any CPU.Build.0 = Release|Any CPU
		{2AE0FEDF-D07F-4D64-8600-91F48A9CE3F9}.Debug|Any CPU.ActiveCfg = Debug|Any CPU
		{2AE0FEDF-D07F-4D64-8600-91F48A9CE3F9}.Debug|Any CPU.Build.0 = Debug|Any CPU
		{2AE0FEDF-D07F-4D64-8600-91F48A9CE3F9}.Release|Any CPU.ActiveCfg = Release|Any CPU
		{2AE0FEDF-D07F-4D64-8600-91F48A9CE3F9}.Release|Any CPU.Build.0 = Release|Any CPU
	EndGlobalSection
	GlobalSection(SolutionProperties) = preSolution
		HideSolutionNode = FALSE
	EndGlobalSection
EndGlobal
