Microsoft Visual Studio Solution File, Format Version 12.00
# Visual Studio 2012
Project("{2150E333-8FDC-42A3-9474-1A3956D46DE8}") = "Common", "Common", "{06892C90-B0B0-493A-BF02-95DDD934D770}"
EndProject
Project("{2150E333-8FDC-42A3-9474-1A3956D46DE8}") = "Tests", "Tests", "{4E534524-3156-4859-8BCB-9BC353ED6F73}"
EndProject
Project("{2150E333-8FDC-42A3-9474-1A3956D46DE8}") = "BusinessLogic", "BusinessLogic", "{A9297E8B-3037-48BC-9F4D-BF8D60E9C5A3}"
EndProject
Project("{2150E333-8FDC-42A3-9474-1A3956D46DE8}") = "ServiceBoundary", "ServiceBoundary", "{3B29EA3E-5C4C-4F89-88E0-5709853492C9}"
EndProject
Project("{2150E333-8FDC-42A3-9474-1A3956D46DE8}") = "DataAccess", "DataAccess", "{FB82C307-CC83-4B96-8C9A-46BB2C00E182}"
EndProject
Project("{FAE04EC0-301F-11D3-BF4B-00C04F79EFBC}") = "ReMi.BusinessEntities", "BusinessLogic\ReMi.BusinessEntities\ReMi.BusinessEntities.csproj", "{379E6FC3-C839-474B-A235-4AC3B1C36E9A}"
EndProject
Project("{FAE04EC0-301F-11D3-BF4B-00C04F79EFBC}") = "ReMi.BusinessLogic", "BusinessLogic\ReMi.BusinessLogic\ReMi.BusinessLogic.csproj", "{8F1E82C1-11A6-4FD4-BEC8-6D9155DF5E1B}"
EndProject
Project("{FAE04EC0-301F-11D3-BF4B-00C04F79EFBC}") = "ReMi.Common.Constants", "Common\ReMi.Common.Constants\ReMi.Common.Constants.csproj", "{F8B8274D-2B1C-442B-B1C7-0208A150875F}"
EndProject
Project("{FAE04EC0-301F-11D3-BF4B-00C04F79EFBC}") = "ReMi.Common.Cqrs.FluentValidation", "Common\ReMi.Common.Cqrs.FluentValidation\ReMi.Common.Cqrs.FluentValidation.csproj", "{49390F7B-AC73-4249-BF1F-BA2118EAC148}"
EndProject
Project("{FAE04EC0-301F-11D3-BF4B-00C04F79EFBC}") = "ReMi.Common.WebApi", "Common\ReMi.Common.WebApi\ReMi.Common.WebApi.csproj", "{4E98AEE1-92E1-4C15-B8CE-ECB332F54FC1}"
EndProject
Project("{FAE04EC0-301F-11D3-BF4B-00C04F79EFBC}") = "ReMi.Plugin.Composites", "Common\ReMi.Plugin.Composites\ReMi.Plugin.Composites.csproj", "{203B7A62-B395-4D35-88CE-4168AECC742F}"
EndProject
Project("{FAE04EC0-301F-11D3-BF4B-00C04F79EFBC}") = "ReMi.DataAccess", "DataAccess\ReMi.DataAccess\ReMi.DataAccess.csproj", "{61385E7E-0660-434C-B62E-0737A609B343}"
EndProject
Project("{FAE04EC0-301F-11D3-BF4B-00C04F79EFBC}") = "ReMi.DataEntities", "DataAccess\ReMi.DataEntities\ReMi.DataEntities.csproj", "{41748E9B-C354-4EEA-9A4F-61E9E8FBAD0E}"
EndProject
Project("{FAE04EC0-301F-11D3-BF4B-00C04F79EFBC}") = "ReMi.DataEntityMaps", "DataAccess\ReMi.DataEntityMaps\ReMi.DataEntityMaps.csproj", "{4F0F68BD-7EB7-42BF-A27F-722458F852E4}"
EndProject
Project("{FAE04EC0-301F-11D3-BF4B-00C04F79EFBC}") = "ReMi.CommandHandlers", "ServiceBoundary\ReMi.CommandHandlers\ReMi.CommandHandlers.csproj", "{26724362-971D-4C43-A0E6-39FC8904B59E}"
EndProject
Project("{FAE04EC0-301F-11D3-BF4B-00C04F79EFBC}") = "ReMi.Commands", "ServiceBoundary\ReMi.Commands\ReMi.Commands.csproj", "{57665C47-AAF0-461A-AF14-A0FC8F59F4FB}"
EndProject
Project("{FAE04EC0-301F-11D3-BF4B-00C04F79EFBC}") = "ReMi.CommandValidators", "ServiceBoundary\ReMi.CommandValidators\ReMi.CommandValidators.csproj", "{862BEEF2-2CD9-4E54-A242-34A878AF6E18}"
EndProject
Project("{FAE04EC0-301F-11D3-BF4B-00C04F79EFBC}") = "ReMi.EventHandlers", "ServiceBoundary\ReMi.EventHandlers\ReMi.EventHandlers.csproj", "{2F989653-03A8-4851-AC53-86F72E2CFF34}"
EndProject
Project("{FAE04EC0-301F-11D3-BF4B-00C04F79EFBC}") = "ReMi.Events", "ServiceBoundary\ReMi.Events\ReMi.Events.csproj", "{667EAF84-48F1-4A87-9B2B-50993BF6C8BE}"
EndProject
Project("{FAE04EC0-301F-11D3-BF4B-00C04F79EFBC}") = "ReMi.Queries", "ServiceBoundary\ReMi.Queries\ReMi.Queries.csproj", "{10021EA0-0CBE-4A13-8B08-56BC9F3D3316}"
EndProject
Project("{FAE04EC0-301F-11D3-BF4B-00C04F79EFBC}") = "Remi.QueryHandlers", "ServiceBoundary\ReMi.QueryHandlers\Remi.QueryHandlers.csproj", "{0A3B9695-E6A3-43E2-A84B-73AAE46F51AE}"
EndProject
Project("{FAE04EC0-301F-11D3-BF4B-00C04F79EFBC}") = "ReMi.QueryValidators", "ServiceBoundary\ReMi.QueryValidators\ReMi.QueryValidators.csproj", "{94B13A27-6CBB-41CD-BDCE-FF0BA9FDC2BB}"
EndProject
Project("{FAE04EC0-301F-11D3-BF4B-00C04F79EFBC}") = "ReMi.Api.Tests", "Tests\ReMi.Api.Tests\ReMi.Api.Tests.csproj", "{BC775212-F3AD-4E5A-AB04-7FDA53D93F6B}"
EndProject
Project("{FAE04EC0-301F-11D3-BF4B-00C04F79EFBC}") = "Remi.CommandHandlers.Tests", "Tests\ReMi.CommandHandlers.Tests\Remi.CommandHandlers.Tests.csproj", "{4E2127DE-8FCE-403D-89CD-FEF9EE3994FA}"
EndProject
Project("{FAE04EC0-301F-11D3-BF4B-00C04F79EFBC}") = "ReMi.CommandValidators.Tests", "Tests\ReMi.CommandValidators.Tests\ReMi.CommandValidators.Tests.csproj", "{10B6DBF7-871B-42FE-B932-2C942BF6DAAD}"
EndProject
Project("{FAE04EC0-301F-11D3-BF4B-00C04F79EFBC}") = "ReMi.DataAccess.Tests", "Tests\ReMi.DataAccess.Tests\ReMi.DataAccess.Tests.csproj", "{10F4DD06-4E1C-4134-B143-12E0F275688F}"
EndProject
Project("{FAE04EC0-301F-11D3-BF4B-00C04F79EFBC}") = "ReMi.EventHandlers.Tests", "Tests\ReMi.EventHandlers.Tests\ReMi.EventHandlers.Tests.csproj", "{8A5B535A-9DED-4EAE-91A8-7FCE4C460D5A}"
EndProject
Project("{FAE04EC0-301F-11D3-BF4B-00C04F79EFBC}") = "ReMi.Plugin.Composites.Tests", "Tests\ReMi.Plugin.Composites.Tests\ReMi.Plugin.Composites.Tests.csproj", "{EF9BF5C1-F4C4-4B9F-8B5D-74D8D875F86B}"
EndProject
Project("{FAE04EC0-301F-11D3-BF4B-00C04F79EFBC}") = "Remi.QueryHandlers.Tests", "Tests\ReMi.QueryHandlers.Tests\Remi.QueryHandlers.Tests.csproj", "{D4A6DDD3-055B-491E-B28E-1318AEFE3701}"
EndProject
Project("{FAE04EC0-301F-11D3-BF4B-00C04F79EFBC}") = "ReMi.QueryValidators.Tests", "Tests\ReMi.QueryValidators.Tests\ReMi.QueryValidators.Tests.csproj", "{34324C7E-34E1-4386-8315-7815ADFAEA50}"
EndProject
Project("{2150E333-8FDC-42A3-9474-1A3956D46DE8}") = ".nuget", ".nuget", "{F33C390C-F336-4EAC-B7F8-46EDF92FE0DB}"
	ProjectSection(SolutionItems) = preProject
		.nuget\NuGet.Config = .nuget\NuGet.Config
		.nuget\NuGet.exe = .nuget\NuGet.exe
		.nuget\NuGet.targets = .nuget\NuGet.targets
	EndProjectSection
EndProject
Project("{2150E333-8FDC-42A3-9474-1A3956D46DE8}") = ".build", ".build", "{82E26766-B15C-44C1-890C-5C73AD678EEB}"
	ProjectSection(SolutionItems) = preProject
		.build\content\log4net.config = .build\content\log4net.config
		.build\ReMi.Api.nuspec = .build\ReMi.Api.nuspec
		.build\content\web.config.install.xdt = .build\content\web.config.install.xdt
		.build\content\web.config.uninstall.xdt = .build\content\web.config.uninstall.xdt
	EndProjectSection
EndProject
Project("{FAE04EC0-301F-11D3-BF4B-00C04F79EFBC}") = "ReMi.Api", "ServiceBoundary\ReMi.Api\ReMi.Api.csproj", "{4809229F-DD9A-4A8F-AC8F-E0BF563B5BE5}"
EndProject
Project("{FAE04EC0-301F-11D3-BF4B-00C04F79EFBC}") = "ReMi.BusinessLogic.Tests", "Tests\ReMi.BusinessLogic.Tests\ReMi.BusinessLogic.Tests.csproj", "{00DADD36-B447-40CF-ABF1-E0C8FEABE9F5}"
EndProject
Global
	GlobalSection(SolutionConfigurationPlatforms) = preSolution
		Debug|Any CPU = Debug|Any CPU
		int2012|Any CPU = int2012|Any CPU
		Integration|Any CPU = Integration|Any CPU
		Live|Any CPU = Live|Any CPU
		Release|Any CPU = Release|Any CPU
	EndGlobalSection
	GlobalSection(ProjectConfigurationPlatforms) = postSolution
		{379E6FC3-C839-474B-A235-4AC3B1C36E9A}.Debug|Any CPU.ActiveCfg = Debug|Any CPU
		{379E6FC3-C839-474B-A235-4AC3B1C36E9A}.Debug|Any CPU.Build.0 = Debug|Any CPU
		{379E6FC3-C839-474B-A235-4AC3B1C36E9A}.int2012|Any CPU.ActiveCfg = Release|Any CPU
		{379E6FC3-C839-474B-A235-4AC3B1C36E9A}.int2012|Any CPU.Build.0 = Release|Any CPU
		{379E6FC3-C839-474B-A235-4AC3B1C36E9A}.Integration|Any CPU.ActiveCfg = Release|Any CPU
		{379E6FC3-C839-474B-A235-4AC3B1C36E9A}.Integration|Any CPU.Build.0 = Release|Any CPU
		{379E6FC3-C839-474B-A235-4AC3B1C36E9A}.Live|Any CPU.ActiveCfg = Release|Any CPU
		{379E6FC3-C839-474B-A235-4AC3B1C36E9A}.Live|Any CPU.Build.0 = Release|Any CPU
		{379E6FC3-C839-474B-A235-4AC3B1C36E9A}.Release|Any CPU.ActiveCfg = Release|Any CPU
		{379E6FC3-C839-474B-A235-4AC3B1C36E9A}.Release|Any CPU.Build.0 = Release|Any CPU
		{8F1E82C1-11A6-4FD4-BEC8-6D9155DF5E1B}.Debug|Any CPU.ActiveCfg = Debug|Any CPU
		{8F1E82C1-11A6-4FD4-BEC8-6D9155DF5E1B}.Debug|Any CPU.Build.0 = Debug|Any CPU
		{8F1E82C1-11A6-4FD4-BEC8-6D9155DF5E1B}.int2012|Any CPU.ActiveCfg = Release|Any CPU
		{8F1E82C1-11A6-4FD4-BEC8-6D9155DF5E1B}.int2012|Any CPU.Build.0 = Release|Any CPU
		{8F1E82C1-11A6-4FD4-BEC8-6D9155DF5E1B}.Integration|Any CPU.ActiveCfg = Release|Any CPU
		{8F1E82C1-11A6-4FD4-BEC8-6D9155DF5E1B}.Integration|Any CPU.Build.0 = Release|Any CPU
		{8F1E82C1-11A6-4FD4-BEC8-6D9155DF5E1B}.Live|Any CPU.ActiveCfg = Release|Any CPU
		{8F1E82C1-11A6-4FD4-BEC8-6D9155DF5E1B}.Live|Any CPU.Build.0 = Release|Any CPU
		{8F1E82C1-11A6-4FD4-BEC8-6D9155DF5E1B}.Release|Any CPU.ActiveCfg = Release|Any CPU
		{8F1E82C1-11A6-4FD4-BEC8-6D9155DF5E1B}.Release|Any CPU.Build.0 = Release|Any CPU
		{F8B8274D-2B1C-442B-B1C7-0208A150875F}.Debug|Any CPU.ActiveCfg = Debug|Any CPU
		{F8B8274D-2B1C-442B-B1C7-0208A150875F}.Debug|Any CPU.Build.0 = Debug|Any CPU
		{F8B8274D-2B1C-442B-B1C7-0208A150875F}.int2012|Any CPU.ActiveCfg = Release|Any CPU
		{F8B8274D-2B1C-442B-B1C7-0208A150875F}.int2012|Any CPU.Build.0 = Release|Any CPU
		{F8B8274D-2B1C-442B-B1C7-0208A150875F}.Integration|Any CPU.ActiveCfg = Release|Any CPU
		{F8B8274D-2B1C-442B-B1C7-0208A150875F}.Integration|Any CPU.Build.0 = Release|Any CPU
		{F8B8274D-2B1C-442B-B1C7-0208A150875F}.Live|Any CPU.ActiveCfg = Release|Any CPU
		{F8B8274D-2B1C-442B-B1C7-0208A150875F}.Live|Any CPU.Build.0 = Release|Any CPU
		{F8B8274D-2B1C-442B-B1C7-0208A150875F}.Release|Any CPU.ActiveCfg = Release|Any CPU
		{F8B8274D-2B1C-442B-B1C7-0208A150875F}.Release|Any CPU.Build.0 = Release|Any CPU
		{49390F7B-AC73-4249-BF1F-BA2118EAC148}.Debug|Any CPU.ActiveCfg = Debug|Any CPU
		{49390F7B-AC73-4249-BF1F-BA2118EAC148}.Debug|Any CPU.Build.0 = Debug|Any CPU
		{49390F7B-AC73-4249-BF1F-BA2118EAC148}.int2012|Any CPU.ActiveCfg = Release|Any CPU
		{49390F7B-AC73-4249-BF1F-BA2118EAC148}.int2012|Any CPU.Build.0 = Release|Any CPU
		{49390F7B-AC73-4249-BF1F-BA2118EAC148}.Integration|Any CPU.ActiveCfg = Release|Any CPU
		{49390F7B-AC73-4249-BF1F-BA2118EAC148}.Integration|Any CPU.Build.0 = Release|Any CPU
		{49390F7B-AC73-4249-BF1F-BA2118EAC148}.Live|Any CPU.ActiveCfg = Release|Any CPU
		{49390F7B-AC73-4249-BF1F-BA2118EAC148}.Live|Any CPU.Build.0 = Release|Any CPU
		{49390F7B-AC73-4249-BF1F-BA2118EAC148}.Release|Any CPU.ActiveCfg = Release|Any CPU
		{49390F7B-AC73-4249-BF1F-BA2118EAC148}.Release|Any CPU.Build.0 = Release|Any CPU
		{4E98AEE1-92E1-4C15-B8CE-ECB332F54FC1}.Debug|Any CPU.ActiveCfg = Debug|Any CPU
		{4E98AEE1-92E1-4C15-B8CE-ECB332F54FC1}.Debug|Any CPU.Build.0 = Debug|Any CPU
		{4E98AEE1-92E1-4C15-B8CE-ECB332F54FC1}.int2012|Any CPU.ActiveCfg = Release|Any CPU
		{4E98AEE1-92E1-4C15-B8CE-ECB332F54FC1}.int2012|Any CPU.Build.0 = Release|Any CPU
		{4E98AEE1-92E1-4C15-B8CE-ECB332F54FC1}.Integration|Any CPU.ActiveCfg = Release|Any CPU
		{4E98AEE1-92E1-4C15-B8CE-ECB332F54FC1}.Integration|Any CPU.Build.0 = Release|Any CPU
		{4E98AEE1-92E1-4C15-B8CE-ECB332F54FC1}.Live|Any CPU.ActiveCfg = Release|Any CPU
		{4E98AEE1-92E1-4C15-B8CE-ECB332F54FC1}.Live|Any CPU.Build.0 = Release|Any CPU
		{4E98AEE1-92E1-4C15-B8CE-ECB332F54FC1}.Release|Any CPU.ActiveCfg = Release|Any CPU
		{4E98AEE1-92E1-4C15-B8CE-ECB332F54FC1}.Release|Any CPU.Build.0 = Release|Any CPU
		{203B7A62-B395-4D35-88CE-4168AECC742F}.Debug|Any CPU.ActiveCfg = Debug|Any CPU
		{203B7A62-B395-4D35-88CE-4168AECC742F}.Debug|Any CPU.Build.0 = Debug|Any CPU
		{203B7A62-B395-4D35-88CE-4168AECC742F}.int2012|Any CPU.ActiveCfg = Release|Any CPU
		{203B7A62-B395-4D35-88CE-4168AECC742F}.int2012|Any CPU.Build.0 = Release|Any CPU
		{203B7A62-B395-4D35-88CE-4168AECC742F}.Integration|Any CPU.ActiveCfg = Release|Any CPU
		{203B7A62-B395-4D35-88CE-4168AECC742F}.Integration|Any CPU.Build.0 = Release|Any CPU
		{203B7A62-B395-4D35-88CE-4168AECC742F}.Live|Any CPU.ActiveCfg = Release|Any CPU
		{203B7A62-B395-4D35-88CE-4168AECC742F}.Live|Any CPU.Build.0 = Release|Any CPU
		{203B7A62-B395-4D35-88CE-4168AECC742F}.Release|Any CPU.ActiveCfg = Release|Any CPU
		{203B7A62-B395-4D35-88CE-4168AECC742F}.Release|Any CPU.Build.0 = Release|Any CPU
		{61385E7E-0660-434C-B62E-0737A609B343}.Debug|Any CPU.ActiveCfg = Debug|Any CPU
		{61385E7E-0660-434C-B62E-0737A609B343}.Debug|Any CPU.Build.0 = Debug|Any CPU
		{61385E7E-0660-434C-B62E-0737A609B343}.int2012|Any CPU.ActiveCfg = Release|Any CPU
		{61385E7E-0660-434C-B62E-0737A609B343}.int2012|Any CPU.Build.0 = Release|Any CPU
		{61385E7E-0660-434C-B62E-0737A609B343}.Integration|Any CPU.ActiveCfg = Release|Any CPU
		{61385E7E-0660-434C-B62E-0737A609B343}.Integration|Any CPU.Build.0 = Release|Any CPU
		{61385E7E-0660-434C-B62E-0737A609B343}.Live|Any CPU.ActiveCfg = Release|Any CPU
		{61385E7E-0660-434C-B62E-0737A609B343}.Live|Any CPU.Build.0 = Release|Any CPU
		{61385E7E-0660-434C-B62E-0737A609B343}.Release|Any CPU.ActiveCfg = Release|Any CPU
		{61385E7E-0660-434C-B62E-0737A609B343}.Release|Any CPU.Build.0 = Release|Any CPU
		{41748E9B-C354-4EEA-9A4F-61E9E8FBAD0E}.Debug|Any CPU.ActiveCfg = Debug|Any CPU
		{41748E9B-C354-4EEA-9A4F-61E9E8FBAD0E}.Debug|Any CPU.Build.0 = Debug|Any CPU
		{41748E9B-C354-4EEA-9A4F-61E9E8FBAD0E}.int2012|Any CPU.ActiveCfg = Release|Any CPU
		{41748E9B-C354-4EEA-9A4F-61E9E8FBAD0E}.int2012|Any CPU.Build.0 = Release|Any CPU
		{41748E9B-C354-4EEA-9A4F-61E9E8FBAD0E}.Integration|Any CPU.ActiveCfg = Release|Any CPU
		{41748E9B-C354-4EEA-9A4F-61E9E8FBAD0E}.Integration|Any CPU.Build.0 = Release|Any CPU
		{41748E9B-C354-4EEA-9A4F-61E9E8FBAD0E}.Live|Any CPU.ActiveCfg = Release|Any CPU
		{41748E9B-C354-4EEA-9A4F-61E9E8FBAD0E}.Live|Any CPU.Build.0 = Release|Any CPU
		{41748E9B-C354-4EEA-9A4F-61E9E8FBAD0E}.Release|Any CPU.ActiveCfg = Release|Any CPU
		{41748E9B-C354-4EEA-9A4F-61E9E8FBAD0E}.Release|Any CPU.Build.0 = Release|Any CPU
		{4F0F68BD-7EB7-42BF-A27F-722458F852E4}.Debug|Any CPU.ActiveCfg = Debug|Any CPU
		{4F0F68BD-7EB7-42BF-A27F-722458F852E4}.Debug|Any CPU.Build.0 = Debug|Any CPU
		{4F0F68BD-7EB7-42BF-A27F-722458F852E4}.int2012|Any CPU.ActiveCfg = Release|Any CPU
		{4F0F68BD-7EB7-42BF-A27F-722458F852E4}.int2012|Any CPU.Build.0 = Release|Any CPU
		{4F0F68BD-7EB7-42BF-A27F-722458F852E4}.Integration|Any CPU.ActiveCfg = Release|Any CPU
		{4F0F68BD-7EB7-42BF-A27F-722458F852E4}.Integration|Any CPU.Build.0 = Release|Any CPU
		{4F0F68BD-7EB7-42BF-A27F-722458F852E4}.Live|Any CPU.ActiveCfg = Release|Any CPU
		{4F0F68BD-7EB7-42BF-A27F-722458F852E4}.Live|Any CPU.Build.0 = Release|Any CPU
		{4F0F68BD-7EB7-42BF-A27F-722458F852E4}.Release|Any CPU.ActiveCfg = Release|Any CPU
		{4F0F68BD-7EB7-42BF-A27F-722458F852E4}.Release|Any CPU.Build.0 = Release|Any CPU
		{26724362-971D-4C43-A0E6-39FC8904B59E}.Debug|Any CPU.ActiveCfg = Debug|Any CPU
		{26724362-971D-4C43-A0E6-39FC8904B59E}.Debug|Any CPU.Build.0 = Debug|Any CPU
		{26724362-971D-4C43-A0E6-39FC8904B59E}.int2012|Any CPU.ActiveCfg = Release|Any CPU
		{26724362-971D-4C43-A0E6-39FC8904B59E}.int2012|Any CPU.Build.0 = Release|Any CPU
		{26724362-971D-4C43-A0E6-39FC8904B59E}.Integration|Any CPU.ActiveCfg = Release|Any CPU
		{26724362-971D-4C43-A0E6-39FC8904B59E}.Integration|Any CPU.Build.0 = Release|Any CPU
		{26724362-971D-4C43-A0E6-39FC8904B59E}.Live|Any CPU.ActiveCfg = Release|Any CPU
		{26724362-971D-4C43-A0E6-39FC8904B59E}.Live|Any CPU.Build.0 = Release|Any CPU
		{26724362-971D-4C43-A0E6-39FC8904B59E}.Release|Any CPU.ActiveCfg = Release|Any CPU
		{26724362-971D-4C43-A0E6-39FC8904B59E}.Release|Any CPU.Build.0 = Release|Any CPU
		{57665C47-AAF0-461A-AF14-A0FC8F59F4FB}.Debug|Any CPU.ActiveCfg = Debug|Any CPU
		{57665C47-AAF0-461A-AF14-A0FC8F59F4FB}.Debug|Any CPU.Build.0 = Debug|Any CPU
		{57665C47-AAF0-461A-AF14-A0FC8F59F4FB}.int2012|Any CPU.ActiveCfg = Release|Any CPU
		{57665C47-AAF0-461A-AF14-A0FC8F59F4FB}.int2012|Any CPU.Build.0 = Release|Any CPU
		{57665C47-AAF0-461A-AF14-A0FC8F59F4FB}.Integration|Any CPU.ActiveCfg = Release|Any CPU
		{57665C47-AAF0-461A-AF14-A0FC8F59F4FB}.Integration|Any CPU.Build.0 = Release|Any CPU
		{57665C47-AAF0-461A-AF14-A0FC8F59F4FB}.Live|Any CPU.ActiveCfg = Release|Any CPU
		{57665C47-AAF0-461A-AF14-A0FC8F59F4FB}.Live|Any CPU.Build.0 = Release|Any CPU
		{57665C47-AAF0-461A-AF14-A0FC8F59F4FB}.Release|Any CPU.ActiveCfg = Release|Any CPU
		{57665C47-AAF0-461A-AF14-A0FC8F59F4FB}.Release|Any CPU.Build.0 = Release|Any CPU
		{862BEEF2-2CD9-4E54-A242-34A878AF6E18}.Debug|Any CPU.ActiveCfg = Debug|Any CPU
		{862BEEF2-2CD9-4E54-A242-34A878AF6E18}.Debug|Any CPU.Build.0 = Debug|Any CPU
		{862BEEF2-2CD9-4E54-A242-34A878AF6E18}.int2012|Any CPU.ActiveCfg = Release|Any CPU
		{862BEEF2-2CD9-4E54-A242-34A878AF6E18}.int2012|Any CPU.Build.0 = Release|Any CPU
		{862BEEF2-2CD9-4E54-A242-34A878AF6E18}.Integration|Any CPU.ActiveCfg = Release|Any CPU
		{862BEEF2-2CD9-4E54-A242-34A878AF6E18}.Integration|Any CPU.Build.0 = Release|Any CPU
		{862BEEF2-2CD9-4E54-A242-34A878AF6E18}.Live|Any CPU.ActiveCfg = Release|Any CPU
		{862BEEF2-2CD9-4E54-A242-34A878AF6E18}.Live|Any CPU.Build.0 = Release|Any CPU
		{862BEEF2-2CD9-4E54-A242-34A878AF6E18}.Release|Any CPU.ActiveCfg = Release|Any CPU
		{862BEEF2-2CD9-4E54-A242-34A878AF6E18}.Release|Any CPU.Build.0 = Release|Any CPU
		{2F989653-03A8-4851-AC53-86F72E2CFF34}.Debug|Any CPU.ActiveCfg = Debug|Any CPU
		{2F989653-03A8-4851-AC53-86F72E2CFF34}.Debug|Any CPU.Build.0 = Debug|Any CPU
		{2F989653-03A8-4851-AC53-86F72E2CFF34}.int2012|Any CPU.ActiveCfg = Release|Any CPU
		{2F989653-03A8-4851-AC53-86F72E2CFF34}.int2012|Any CPU.Build.0 = Release|Any CPU
		{2F989653-03A8-4851-AC53-86F72E2CFF34}.Integration|Any CPU.ActiveCfg = Release|Any CPU
		{2F989653-03A8-4851-AC53-86F72E2CFF34}.Integration|Any CPU.Build.0 = Release|Any CPU
		{2F989653-03A8-4851-AC53-86F72E2CFF34}.Live|Any CPU.ActiveCfg = Release|Any CPU
		{2F989653-03A8-4851-AC53-86F72E2CFF34}.Live|Any CPU.Build.0 = Release|Any CPU
		{2F989653-03A8-4851-AC53-86F72E2CFF34}.Release|Any CPU.ActiveCfg = Release|Any CPU
		{2F989653-03A8-4851-AC53-86F72E2CFF34}.Release|Any CPU.Build.0 = Release|Any CPU
		{667EAF84-48F1-4A87-9B2B-50993BF6C8BE}.Debug|Any CPU.ActiveCfg = Debug|Any CPU
		{667EAF84-48F1-4A87-9B2B-50993BF6C8BE}.Debug|Any CPU.Build.0 = Debug|Any CPU
		{667EAF84-48F1-4A87-9B2B-50993BF6C8BE}.int2012|Any CPU.ActiveCfg = Release|Any CPU
		{667EAF84-48F1-4A87-9B2B-50993BF6C8BE}.int2012|Any CPU.Build.0 = Release|Any CPU
		{667EAF84-48F1-4A87-9B2B-50993BF6C8BE}.Integration|Any CPU.ActiveCfg = Release|Any CPU
		{667EAF84-48F1-4A87-9B2B-50993BF6C8BE}.Integration|Any CPU.Build.0 = Release|Any CPU
		{667EAF84-48F1-4A87-9B2B-50993BF6C8BE}.Live|Any CPU.ActiveCfg = Release|Any CPU
		{667EAF84-48F1-4A87-9B2B-50993BF6C8BE}.Live|Any CPU.Build.0 = Release|Any CPU
		{667EAF84-48F1-4A87-9B2B-50993BF6C8BE}.Release|Any CPU.ActiveCfg = Release|Any CPU
		{667EAF84-48F1-4A87-9B2B-50993BF6C8BE}.Release|Any CPU.Build.0 = Release|Any CPU
		{10021EA0-0CBE-4A13-8B08-56BC9F3D3316}.Debug|Any CPU.ActiveCfg = Debug|Any CPU
		{10021EA0-0CBE-4A13-8B08-56BC9F3D3316}.Debug|Any CPU.Build.0 = Debug|Any CPU
		{10021EA0-0CBE-4A13-8B08-56BC9F3D3316}.int2012|Any CPU.ActiveCfg = Release|Any CPU
		{10021EA0-0CBE-4A13-8B08-56BC9F3D3316}.int2012|Any CPU.Build.0 = Release|Any CPU
		{10021EA0-0CBE-4A13-8B08-56BC9F3D3316}.Integration|Any CPU.ActiveCfg = Release|Any CPU
		{10021EA0-0CBE-4A13-8B08-56BC9F3D3316}.Integration|Any CPU.Build.0 = Release|Any CPU
		{10021EA0-0CBE-4A13-8B08-56BC9F3D3316}.Live|Any CPU.ActiveCfg = Release|Any CPU
		{10021EA0-0CBE-4A13-8B08-56BC9F3D3316}.Live|Any CPU.Build.0 = Release|Any CPU
		{10021EA0-0CBE-4A13-8B08-56BC9F3D3316}.Release|Any CPU.ActiveCfg = Release|Any CPU
		{10021EA0-0CBE-4A13-8B08-56BC9F3D3316}.Release|Any CPU.Build.0 = Release|Any CPU
		{0A3B9695-E6A3-43E2-A84B-73AAE46F51AE}.Debug|Any CPU.ActiveCfg = Debug|Any CPU
		{0A3B9695-E6A3-43E2-A84B-73AAE46F51AE}.Debug|Any CPU.Build.0 = Debug|Any CPU
		{0A3B9695-E6A3-43E2-A84B-73AAE46F51AE}.int2012|Any CPU.ActiveCfg = Release|Any CPU
		{0A3B9695-E6A3-43E2-A84B-73AAE46F51AE}.int2012|Any CPU.Build.0 = Release|Any CPU
		{0A3B9695-E6A3-43E2-A84B-73AAE46F51AE}.Integration|Any CPU.ActiveCfg = Release|Any CPU
		{0A3B9695-E6A3-43E2-A84B-73AAE46F51AE}.Integration|Any CPU.Build.0 = Release|Any CPU
		{0A3B9695-E6A3-43E2-A84B-73AAE46F51AE}.Live|Any CPU.ActiveCfg = Release|Any CPU
		{0A3B9695-E6A3-43E2-A84B-73AAE46F51AE}.Live|Any CPU.Build.0 = Release|Any CPU
		{0A3B9695-E6A3-43E2-A84B-73AAE46F51AE}.Release|Any CPU.ActiveCfg = Release|Any CPU
		{0A3B9695-E6A3-43E2-A84B-73AAE46F51AE}.Release|Any CPU.Build.0 = Release|Any CPU
		{94B13A27-6CBB-41CD-BDCE-FF0BA9FDC2BB}.Debug|Any CPU.ActiveCfg = Debug|Any CPU
		{94B13A27-6CBB-41CD-BDCE-FF0BA9FDC2BB}.Debug|Any CPU.Build.0 = Debug|Any CPU
		{94B13A27-6CBB-41CD-BDCE-FF0BA9FDC2BB}.int2012|Any CPU.ActiveCfg = Release|Any CPU
		{94B13A27-6CBB-41CD-BDCE-FF0BA9FDC2BB}.int2012|Any CPU.Build.0 = Release|Any CPU
		{94B13A27-6CBB-41CD-BDCE-FF0BA9FDC2BB}.Integration|Any CPU.ActiveCfg = Release|Any CPU
		{94B13A27-6CBB-41CD-BDCE-FF0BA9FDC2BB}.Integration|Any CPU.Build.0 = Release|Any CPU
		{94B13A27-6CBB-41CD-BDCE-FF0BA9FDC2BB}.Live|Any CPU.ActiveCfg = Release|Any CPU
		{94B13A27-6CBB-41CD-BDCE-FF0BA9FDC2BB}.Live|Any CPU.Build.0 = Release|Any CPU
		{94B13A27-6CBB-41CD-BDCE-FF0BA9FDC2BB}.Release|Any CPU.ActiveCfg = Release|Any CPU
		{94B13A27-6CBB-41CD-BDCE-FF0BA9FDC2BB}.Release|Any CPU.Build.0 = Release|Any CPU
		{BC775212-F3AD-4E5A-AB04-7FDA53D93F6B}.Debug|Any CPU.ActiveCfg = Debug|Any CPU
		{BC775212-F3AD-4E5A-AB04-7FDA53D93F6B}.Debug|Any CPU.Build.0 = Debug|Any CPU
		{BC775212-F3AD-4E5A-AB04-7FDA53D93F6B}.int2012|Any CPU.ActiveCfg = Release|Any CPU
		{BC775212-F3AD-4E5A-AB04-7FDA53D93F6B}.int2012|Any CPU.Build.0 = Release|Any CPU
		{BC775212-F3AD-4E5A-AB04-7FDA53D93F6B}.Integration|Any CPU.ActiveCfg = Release|Any CPU
		{BC775212-F3AD-4E5A-AB04-7FDA53D93F6B}.Integration|Any CPU.Build.0 = Release|Any CPU
		{BC775212-F3AD-4E5A-AB04-7FDA53D93F6B}.Live|Any CPU.ActiveCfg = Release|Any CPU
		{BC775212-F3AD-4E5A-AB04-7FDA53D93F6B}.Live|Any CPU.Build.0 = Release|Any CPU
		{BC775212-F3AD-4E5A-AB04-7FDA53D93F6B}.Release|Any CPU.ActiveCfg = Release|Any CPU
		{BC775212-F3AD-4E5A-AB04-7FDA53D93F6B}.Release|Any CPU.Build.0 = Release|Any CPU
		{4E2127DE-8FCE-403D-89CD-FEF9EE3994FA}.Debug|Any CPU.ActiveCfg = Debug|Any CPU
		{4E2127DE-8FCE-403D-89CD-FEF9EE3994FA}.Debug|Any CPU.Build.0 = Debug|Any CPU
		{4E2127DE-8FCE-403D-89CD-FEF9EE3994FA}.int2012|Any CPU.ActiveCfg = Release|Any CPU
		{4E2127DE-8FCE-403D-89CD-FEF9EE3994FA}.int2012|Any CPU.Build.0 = Release|Any CPU
		{4E2127DE-8FCE-403D-89CD-FEF9EE3994FA}.Integration|Any CPU.ActiveCfg = Release|Any CPU
		{4E2127DE-8FCE-403D-89CD-FEF9EE3994FA}.Integration|Any CPU.Build.0 = Release|Any CPU
		{4E2127DE-8FCE-403D-89CD-FEF9EE3994FA}.Live|Any CPU.ActiveCfg = Release|Any CPU
		{4E2127DE-8FCE-403D-89CD-FEF9EE3994FA}.Live|Any CPU.Build.0 = Release|Any CPU
		{4E2127DE-8FCE-403D-89CD-FEF9EE3994FA}.Release|Any CPU.ActiveCfg = Release|Any CPU
		{4E2127DE-8FCE-403D-89CD-FEF9EE3994FA}.Release|Any CPU.Build.0 = Release|Any CPU
		{10B6DBF7-871B-42FE-B932-2C942BF6DAAD}.Debug|Any CPU.ActiveCfg = Debug|Any CPU
		{10B6DBF7-871B-42FE-B932-2C942BF6DAAD}.Debug|Any CPU.Build.0 = Debug|Any CPU
		{10B6DBF7-871B-42FE-B932-2C942BF6DAAD}.int2012|Any CPU.ActiveCfg = Release|Any CPU
		{10B6DBF7-871B-42FE-B932-2C942BF6DAAD}.int2012|Any CPU.Build.0 = Release|Any CPU
		{10B6DBF7-871B-42FE-B932-2C942BF6DAAD}.Integration|Any CPU.ActiveCfg = Release|Any CPU
		{10B6DBF7-871B-42FE-B932-2C942BF6DAAD}.Integration|Any CPU.Build.0 = Release|Any CPU
		{10B6DBF7-871B-42FE-B932-2C942BF6DAAD}.Live|Any CPU.ActiveCfg = Release|Any CPU
		{10B6DBF7-871B-42FE-B932-2C942BF6DAAD}.Live|Any CPU.Build.0 = Release|Any CPU
		{10B6DBF7-871B-42FE-B932-2C942BF6DAAD}.Release|Any CPU.ActiveCfg = Release|Any CPU
		{10B6DBF7-871B-42FE-B932-2C942BF6DAAD}.Release|Any CPU.Build.0 = Release|Any CPU
		{10F4DD06-4E1C-4134-B143-12E0F275688F}.Debug|Any CPU.ActiveCfg = Debug|Any CPU
		{10F4DD06-4E1C-4134-B143-12E0F275688F}.Debug|Any CPU.Build.0 = Debug|Any CPU
		{10F4DD06-4E1C-4134-B143-12E0F275688F}.int2012|Any CPU.ActiveCfg = Release|Any CPU
		{10F4DD06-4E1C-4134-B143-12E0F275688F}.int2012|Any CPU.Build.0 = Release|Any CPU
		{10F4DD06-4E1C-4134-B143-12E0F275688F}.Integration|Any CPU.ActiveCfg = Release|Any CPU
		{10F4DD06-4E1C-4134-B143-12E0F275688F}.Integration|Any CPU.Build.0 = Release|Any CPU
		{10F4DD06-4E1C-4134-B143-12E0F275688F}.Live|Any CPU.ActiveCfg = Release|Any CPU
		{10F4DD06-4E1C-4134-B143-12E0F275688F}.Live|Any CPU.Build.0 = Release|Any CPU
		{10F4DD06-4E1C-4134-B143-12E0F275688F}.Release|Any CPU.ActiveCfg = Release|Any CPU
		{10F4DD06-4E1C-4134-B143-12E0F275688F}.Release|Any CPU.Build.0 = Release|Any CPU
		{8A5B535A-9DED-4EAE-91A8-7FCE4C460D5A}.Debug|Any CPU.ActiveCfg = Debug|Any CPU
		{8A5B535A-9DED-4EAE-91A8-7FCE4C460D5A}.Debug|Any CPU.Build.0 = Debug|Any CPU
		{8A5B535A-9DED-4EAE-91A8-7FCE4C460D5A}.int2012|Any CPU.ActiveCfg = Release|Any CPU
		{8A5B535A-9DED-4EAE-91A8-7FCE4C460D5A}.int2012|Any CPU.Build.0 = Release|Any CPU
		{8A5B535A-9DED-4EAE-91A8-7FCE4C460D5A}.Integration|Any CPU.ActiveCfg = Release|Any CPU
		{8A5B535A-9DED-4EAE-91A8-7FCE4C460D5A}.Integration|Any CPU.Build.0 = Release|Any CPU
		{8A5B535A-9DED-4EAE-91A8-7FCE4C460D5A}.Live|Any CPU.ActiveCfg = Release|Any CPU
		{8A5B535A-9DED-4EAE-91A8-7FCE4C460D5A}.Live|Any CPU.Build.0 = Release|Any CPU
		{8A5B535A-9DED-4EAE-91A8-7FCE4C460D5A}.Release|Any CPU.ActiveCfg = Release|Any CPU
		{8A5B535A-9DED-4EAE-91A8-7FCE4C460D5A}.Release|Any CPU.Build.0 = Release|Any CPU
		{EF9BF5C1-F4C4-4B9F-8B5D-74D8D875F86B}.Debug|Any CPU.ActiveCfg = Debug|Any CPU
		{EF9BF5C1-F4C4-4B9F-8B5D-74D8D875F86B}.Debug|Any CPU.Build.0 = Debug|Any CPU
		{EF9BF5C1-F4C4-4B9F-8B5D-74D8D875F86B}.int2012|Any CPU.ActiveCfg = Release|Any CPU
		{EF9BF5C1-F4C4-4B9F-8B5D-74D8D875F86B}.int2012|Any CPU.Build.0 = Release|Any CPU
		{EF9BF5C1-F4C4-4B9F-8B5D-74D8D875F86B}.Integration|Any CPU.ActiveCfg = Release|Any CPU
		{EF9BF5C1-F4C4-4B9F-8B5D-74D8D875F86B}.Integration|Any CPU.Build.0 = Release|Any CPU
		{EF9BF5C1-F4C4-4B9F-8B5D-74D8D875F86B}.Live|Any CPU.ActiveCfg = Release|Any CPU
		{EF9BF5C1-F4C4-4B9F-8B5D-74D8D875F86B}.Live|Any CPU.Build.0 = Release|Any CPU
		{EF9BF5C1-F4C4-4B9F-8B5D-74D8D875F86B}.Release|Any CPU.ActiveCfg = Release|Any CPU
		{EF9BF5C1-F4C4-4B9F-8B5D-74D8D875F86B}.Release|Any CPU.Build.0 = Release|Any CPU
		{D4A6DDD3-055B-491E-B28E-1318AEFE3701}.Debug|Any CPU.ActiveCfg = Debug|Any CPU
		{D4A6DDD3-055B-491E-B28E-1318AEFE3701}.Debug|Any CPU.Build.0 = Debug|Any CPU
		{D4A6DDD3-055B-491E-B28E-1318AEFE3701}.int2012|Any CPU.ActiveCfg = Release|Any CPU
		{D4A6DDD3-055B-491E-B28E-1318AEFE3701}.int2012|Any CPU.Build.0 = Release|Any CPU
		{D4A6DDD3-055B-491E-B28E-1318AEFE3701}.Integration|Any CPU.ActiveCfg = Release|Any CPU
		{D4A6DDD3-055B-491E-B28E-1318AEFE3701}.Integration|Any CPU.Build.0 = Release|Any CPU
		{D4A6DDD3-055B-491E-B28E-1318AEFE3701}.Live|Any CPU.ActiveCfg = Release|Any CPU
		{D4A6DDD3-055B-491E-B28E-1318AEFE3701}.Live|Any CPU.Build.0 = Release|Any CPU
		{D4A6DDD3-055B-491E-B28E-1318AEFE3701}.Release|Any CPU.ActiveCfg = Release|Any CPU
		{D4A6DDD3-055B-491E-B28E-1318AEFE3701}.Release|Any CPU.Build.0 = Release|Any CPU
		{34324C7E-34E1-4386-8315-7815ADFAEA50}.Debug|Any CPU.ActiveCfg = Debug|Any CPU
		{34324C7E-34E1-4386-8315-7815ADFAEA50}.Debug|Any CPU.Build.0 = Debug|Any CPU
		{34324C7E-34E1-4386-8315-7815ADFAEA50}.int2012|Any CPU.ActiveCfg = Release|Any CPU
		{34324C7E-34E1-4386-8315-7815ADFAEA50}.int2012|Any CPU.Build.0 = Release|Any CPU
		{34324C7E-34E1-4386-8315-7815ADFAEA50}.Integration|Any CPU.ActiveCfg = Release|Any CPU
		{34324C7E-34E1-4386-8315-7815ADFAEA50}.Integration|Any CPU.Build.0 = Release|Any CPU
		{34324C7E-34E1-4386-8315-7815ADFAEA50}.Live|Any CPU.ActiveCfg = Release|Any CPU
		{34324C7E-34E1-4386-8315-7815ADFAEA50}.Live|Any CPU.Build.0 = Release|Any CPU
		{34324C7E-34E1-4386-8315-7815ADFAEA50}.Release|Any CPU.ActiveCfg = Release|Any CPU
		{34324C7E-34E1-4386-8315-7815ADFAEA50}.Release|Any CPU.Build.0 = Release|Any CPU
		{4809229F-DD9A-4A8F-AC8F-E0BF563B5BE5}.Debug|Any CPU.ActiveCfg = Debug|Any CPU
		{4809229F-DD9A-4A8F-AC8F-E0BF563B5BE5}.Debug|Any CPU.Build.0 = Debug|Any CPU
		{4809229F-DD9A-4A8F-AC8F-E0BF563B5BE5}.int2012|Any CPU.ActiveCfg = Release|Any CPU
		{4809229F-DD9A-4A8F-AC8F-E0BF563B5BE5}.int2012|Any CPU.Build.0 = Release|Any CPU
		{4809229F-DD9A-4A8F-AC8F-E0BF563B5BE5}.Integration|Any CPU.ActiveCfg = Release|Any CPU
		{4809229F-DD9A-4A8F-AC8F-E0BF563B5BE5}.Integration|Any CPU.Build.0 = Release|Any CPU
		{4809229F-DD9A-4A8F-AC8F-E0BF563B5BE5}.Live|Any CPU.ActiveCfg = Release|Any CPU
		{4809229F-DD9A-4A8F-AC8F-E0BF563B5BE5}.Live|Any CPU.Build.0 = Release|Any CPU
		{4809229F-DD9A-4A8F-AC8F-E0BF563B5BE5}.Release|Any CPU.ActiveCfg = Release|Any CPU
		{4809229F-DD9A-4A8F-AC8F-E0BF563B5BE5}.Release|Any CPU.Build.0 = Release|Any CPU
		{00DADD36-B447-40CF-ABF1-E0C8FEABE9F5}.Debug|Any CPU.ActiveCfg = Debug|Any CPU
		{00DADD36-B447-40CF-ABF1-E0C8FEABE9F5}.Debug|Any CPU.Build.0 = Debug|Any CPU
		{00DADD36-B447-40CF-ABF1-E0C8FEABE9F5}.int2012|Any CPU.ActiveCfg = int2012|Any CPU
		{00DADD36-B447-40CF-ABF1-E0C8FEABE9F5}.int2012|Any CPU.Build.0 = int2012|Any CPU
		{00DADD36-B447-40CF-ABF1-E0C8FEABE9F5}.Integration|Any CPU.ActiveCfg = Integration|Any CPU
		{00DADD36-B447-40CF-ABF1-E0C8FEABE9F5}.Integration|Any CPU.Build.0 = Integration|Any CPU
		{00DADD36-B447-40CF-ABF1-E0C8FEABE9F5}.Live|Any CPU.ActiveCfg = Live|Any CPU
		{00DADD36-B447-40CF-ABF1-E0C8FEABE9F5}.Live|Any CPU.Build.0 = Live|Any CPU
		{00DADD36-B447-40CF-ABF1-E0C8FEABE9F5}.Release|Any CPU.ActiveCfg = Release|Any CPU
		{00DADD36-B447-40CF-ABF1-E0C8FEABE9F5}.Release|Any CPU.Build.0 = Release|Any CPU
	EndGlobalSection
	GlobalSection(SolutionProperties) = preSolution
		HideSolutionNode = FALSE
	EndGlobalSection
	GlobalSection(NestedProjects) = preSolution
		{F8B8274D-2B1C-442B-B1C7-0208A150875F} = {06892C90-B0B0-493A-BF02-95DDD934D770}
		{49390F7B-AC73-4249-BF1F-BA2118EAC148} = {06892C90-B0B0-493A-BF02-95DDD934D770}
		{4E98AEE1-92E1-4C15-B8CE-ECB332F54FC1} = {06892C90-B0B0-493A-BF02-95DDD934D770}
		{203B7A62-B395-4D35-88CE-4168AECC742F} = {06892C90-B0B0-493A-BF02-95DDD934D770}
		{BC775212-F3AD-4E5A-AB04-7FDA53D93F6B} = {4E534524-3156-4859-8BCB-9BC353ED6F73}
		{4E2127DE-8FCE-403D-89CD-FEF9EE3994FA} = {4E534524-3156-4859-8BCB-9BC353ED6F73}
		{10B6DBF7-871B-42FE-B932-2C942BF6DAAD} = {4E534524-3156-4859-8BCB-9BC353ED6F73}
		{10F4DD06-4E1C-4134-B143-12E0F275688F} = {4E534524-3156-4859-8BCB-9BC353ED6F73}
		{8A5B535A-9DED-4EAE-91A8-7FCE4C460D5A} = {4E534524-3156-4859-8BCB-9BC353ED6F73}
		{EF9BF5C1-F4C4-4B9F-8B5D-74D8D875F86B} = {4E534524-3156-4859-8BCB-9BC353ED6F73}
		{D4A6DDD3-055B-491E-B28E-1318AEFE3701} = {4E534524-3156-4859-8BCB-9BC353ED6F73}
		{34324C7E-34E1-4386-8315-7815ADFAEA50} = {4E534524-3156-4859-8BCB-9BC353ED6F73}
		{00DADD36-B447-40CF-ABF1-E0C8FEABE9F5} = {4E534524-3156-4859-8BCB-9BC353ED6F73}
		{379E6FC3-C839-474B-A235-4AC3B1C36E9A} = {A9297E8B-3037-48BC-9F4D-BF8D60E9C5A3}
		{8F1E82C1-11A6-4FD4-BEC8-6D9155DF5E1B} = {A9297E8B-3037-48BC-9F4D-BF8D60E9C5A3}
		{26724362-971D-4C43-A0E6-39FC8904B59E} = {3B29EA3E-5C4C-4F89-88E0-5709853492C9}
		{57665C47-AAF0-461A-AF14-A0FC8F59F4FB} = {3B29EA3E-5C4C-4F89-88E0-5709853492C9}
		{862BEEF2-2CD9-4E54-A242-34A878AF6E18} = {3B29EA3E-5C4C-4F89-88E0-5709853492C9}
		{2F989653-03A8-4851-AC53-86F72E2CFF34} = {3B29EA3E-5C4C-4F89-88E0-5709853492C9}
		{667EAF84-48F1-4A87-9B2B-50993BF6C8BE} = {3B29EA3E-5C4C-4F89-88E0-5709853492C9}
		{10021EA0-0CBE-4A13-8B08-56BC9F3D3316} = {3B29EA3E-5C4C-4F89-88E0-5709853492C9}
		{0A3B9695-E6A3-43E2-A84B-73AAE46F51AE} = {3B29EA3E-5C4C-4F89-88E0-5709853492C9}
		{94B13A27-6CBB-41CD-BDCE-FF0BA9FDC2BB} = {3B29EA3E-5C4C-4F89-88E0-5709853492C9}
		{4809229F-DD9A-4A8F-AC8F-E0BF563B5BE5} = {3B29EA3E-5C4C-4F89-88E0-5709853492C9}
		{61385E7E-0660-434C-B62E-0737A609B343} = {FB82C307-CC83-4B96-8C9A-46BB2C00E182}
		{41748E9B-C354-4EEA-9A4F-61E9E8FBAD0E} = {FB82C307-CC83-4B96-8C9A-46BB2C00E182}
		{4F0F68BD-7EB7-42BF-A27F-722458F852E4} = {FB82C307-CC83-4B96-8C9A-46BB2C00E182}
	EndGlobalSection
EndGlobal
