Microsoft Visual Studio Solution File, Format Version 12.00
# Visual Studio 2012
Project("{2150E333-8FDC-42A3-9474-1A3956D46DE8}") = ".nuget", ".nuget", "{11E495F2-220F-48DC-B94E-0AF9012468AE}"
	ProjectSection(SolutionItems) = preProject
		.nuget\NuGet.Config = .nuget\NuGet.Config
		.nuget\NuGet.exe = .nuget\NuGet.exe
		.nuget\NuGet.targets = .nuget\NuGet.targets
	EndProjectSection
EndProject
Project("{FAE04EC0-301F-11D3-BF4B-00C04F79EFBC}") = "ReMi.Plugin.Jenkins", "ReMi.Plugin.Jenkins\ReMi.Plugin.Jenkins.csproj", "{485C9968-6DBF-4277-8B2B-6F04DEA8224B}"
EndProject
Project("{FAE04EC0-301F-11D3-BF4B-00C04F79EFBC}") = "ReMi.Plugin.Jenkins.Tests", "ReMi.Plugin.Jenkins.Tests\ReMi.Plugin.Jenkins.Tests.csproj", "{2F2E94BC-5C7A-4E86-8607-527B676D1803}"
EndProject
Project("{2150E333-8FDC-42A3-9474-1A3956D46DE8}") = ".build", ".build", "{FD6C7E3B-1BDA-45C3-90EB-60CE89F8B585}"
	ProjectSection(SolutionItems) = preProject
		.build\ReMi.Plugin.Jenkins.nuspec = .build\ReMi.Plugin.Jenkins.nuspec
		.build\content\web.config.install.xdt = .build\content\web.config.install.xdt
		.build\content\web.config.uninstall.xdt = .build\content\web.config.uninstall.xdt
	EndProjectSection
EndProject
Global
	GlobalSection(SolutionConfigurationPlatforms) = preSolution
		Debug|Any CPU = Debug|Any CPU
		Release|Any CPU = Release|Any CPU
	EndGlobalSection
	GlobalSection(ProjectConfigurationPlatforms) = postSolution
		{485C9968-6DBF-4277-8B2B-6F04DEA8224B}.Debug|Any CPU.ActiveCfg = Debug|Any CPU
		{485C9968-6DBF-4277-8B2B-6F04DEA8224B}.Debug|Any CPU.Build.0 = Debug|Any CPU
		{485C9968-6DBF-4277-8B2B-6F04DEA8224B}.Release|Any CPU.ActiveCfg = Release|Any CPU
		{485C9968-6DBF-4277-8B2B-6F04DEA8224B}.Release|Any CPU.Build.0 = Release|Any CPU
		{2F2E94BC-5C7A-4E86-8607-527B676D1803}.Debug|Any CPU.ActiveCfg = Debug|Any CPU
		{2F2E94BC-5C7A-4E86-8607-527B676D1803}.Debug|Any CPU.Build.0 = Debug|Any CPU
		{2F2E94BC-5C7A-4E86-8607-527B676D1803}.Release|Any CPU.ActiveCfg = Release|Any CPU
		{2F2E94BC-5C7A-4E86-8607-527B676D1803}.Release|Any CPU.Build.0 = Release|Any CPU
	EndGlobalSection
	GlobalSection(SolutionProperties) = preSolution
		HideSolutionNode = FALSE
	EndGlobalSection
EndGlobal
